// !$*UTF8*$!
{
	archiveVersion = 1;
	classes = {
	};
	objectVersion = 48;
	objects = {

/* Begin PBXBuildFile section */
		2BA5441820111816001C4B49 /* AppDelegate.swift in Sources */ = {isa = PBXBuildFile; fileRef = 2BA5441720111816001C4B49 /* AppDelegate.swift */; };
		2BA5441A20111816001C4B49 /* GoalsVC.swift in Sources */ = {isa = PBXBuildFile; fileRef = 2BA5441920111816001C4B49 /* GoalsVC.swift */; };
		2BA5441D20111816001C4B49 /* Main.storyboard in Resources */ = {isa = PBXBuildFile; fileRef = 2BA5441B20111816001C4B49 /* Main.storyboard */; };
		2BA5442020111816001C4B49 /* goal_post.xcdatamodeld in Sources */ = {isa = PBXBuildFile; fileRef = 2BA5441E20111816001C4B49 /* goal_post.xcdatamodeld */; };
		2BA5442220111816001C4B49 /* Assets.xcassets in Resources */ = {isa = PBXBuildFile; fileRef = 2BA5442120111816001C4B49 /* Assets.xcassets */; };
		2BA5442520111816001C4B49 /* LaunchScreen.storyboard in Resources */ = {isa = PBXBuildFile; fileRef = 2BA5442320111816001C4B49 /* LaunchScreen.storyboard */; };
		2BA54431201138C0001C4B49 /* GoalCell.swift in Sources */ = {isa = PBXBuildFile; fileRef = 2BA54430201138C0001C4B49 /* GoalCell.swift */; };
		2BA5443320127175001C4B49 /* GoalType.swift in Sources */ = {isa = PBXBuildFile; fileRef = 2BA5443220127175001C4B49 /* GoalType.swift */; };
		2BA5443520127347001C4B49 /* CreateGoalVC.swift in Sources */ = {isa = PBXBuildFile; fileRef = 2BA5443420127347001C4B49 /* CreateGoalVC.swift */; };
		2BA5443720128D45001C4B49 /* UIViewControllerExt.swift in Sources */ = {isa = PBXBuildFile; fileRef = 2BA5443620128D45001C4B49 /* UIViewControllerExt.swift */; };
		2BA5443920129227001C4B49 /* UIViewExt.swift in Sources */ = {isa = PBXBuildFile; fileRef = 2BA5443820129227001C4B49 /* UIViewExt.swift */; };
		2BA5443B20132396001C4B49 /* UIButtonExt.swift in Sources */ = {isa = PBXBuildFile; fileRef = 2BA5443A20132396001C4B49 /* UIButtonExt.swift */; };
		2BE0D0C3201387880031EB08 /* FinishGoalVC.swift in Sources */ = {isa = PBXBuildFile; fileRef = 2BE0D0C2201387880031EB08 /* FinishGoalVC.swift */; };
/* End PBXBuildFile section */

/* Begin PBXFileReference section */
		2BA5441420111816001C4B49 /* goal-post.app */ = {isa = PBXFileReference; explicitFileType = wrapper.application; includeInIndex = 0; path = "goal-post.app"; sourceTree = BUILT_PRODUCTS_DIR; };
		2BA5441720111816001C4B49 /* AppDelegate.swift */ = {isa = PBXFileReference; lastKnownFileType = sourcecode.swift; path = AppDelegate.swift; sourceTree = "<group>"; };
		2BA5441920111816001C4B49 /* GoalsVC.swift */ = {isa = PBXFileReference; lastKnownFileType = sourcecode.swift; path = GoalsVC.swift; sourceTree = "<group>"; };
		2BA5441C20111816001C4B49 /* Base */ = {isa = PBXFileReference; lastKnownFileType = file.storyboard; name = Base; path = Base.lproj/Main.storyboard; sourceTree = "<group>"; };
		2BA5441F20111816001C4B49 /* goal_post.xcdatamodel */ = {isa = PBXFileReference; lastKnownFileType = wrapper.xcdatamodel; path = goal_post.xcdatamodel; sourceTree = "<group>"; };
		2BA5442120111816001C4B49 /* Assets.xcassets */ = {isa = PBXFileReference; lastKnownFileType = folder.assetcatalog; path = Assets.xcassets; sourceTree = "<group>"; };
		2BA5442420111816001C4B49 /* Base */ = {isa = PBXFileReference; lastKnownFileType = file.storyboard; name = Base; path = Base.lproj/LaunchScreen.storyboard; sourceTree = "<group>"; };
		2BA5442620111816001C4B49 /* Info.plist */ = {isa = PBXFileReference; lastKnownFileType = text.plist.xml; path = Info.plist; sourceTree = "<group>"; };
		2BA54430201138C0001C4B49 /* GoalCell.swift */ = {isa = PBXFileReference; lastKnownFileType = sourcecode.swift; path = GoalCell.swift; sourceTree = "<group>"; };
		2BA5443220127175001C4B49 /* GoalType.swift */ = {isa = PBXFileReference; lastKnownFileType = sourcecode.swift; path = GoalType.swift; sourceTree = "<group>"; };
		2BA5443420127347001C4B49 /* CreateGoalVC.swift */ = {isa = PBXFileReference; lastKnownFileType = sourcecode.swift; path = CreateGoalVC.swift; sourceTree = "<group>"; };
		2BA5443620128D45001C4B49 /* UIViewControllerExt.swift */ = {isa = PBXFileReference; lastKnownFileType = sourcecode.swift; path = UIViewControllerExt.swift; sourceTree = "<group>"; };
		2BA5443820129227001C4B49 /* UIViewExt.swift */ = {isa = PBXFileReference; lastKnownFileType = sourcecode.swift; path = UIViewExt.swift; sourceTree = "<group>"; };
		2BA5443A20132396001C4B49 /* UIButtonExt.swift */ = {isa = PBXFileReference; lastKnownFileType = sourcecode.swift; path = UIButtonExt.swift; sourceTree = "<group>"; };
		2BE0D0C2201387880031EB08 /* FinishGoalVC.swift */ = {isa = PBXFileReference; lastKnownFileType = sourcecode.swift; path = FinishGoalVC.swift; sourceTree = "<group>"; };
/* End PBXFileReference section */

/* Begin PBXFrameworksBuildPhase section */
		2BA5441120111816001C4B49 /* Frameworks */ = {
			isa = PBXFrameworksBuildPhase;
			buildActionMask = 2147483647;
			files = (
			);
			runOnlyForDeploymentPostprocessing = 0;
		};
/* End PBXFrameworksBuildPhase section */

/* Begin PBXGroup section */
		2BA5440B20111816001C4B49 = {
			isa = PBXGroup;
			children = (
				2BA5441620111816001C4B49 /* goal-post */,
				2BA5441520111816001C4B49 /* Products */,
			);
			sourceTree = "<group>";
		};
		2BA5441520111816001C4B49 /* Products */ = {
			isa = PBXGroup;
			children = (
				2BA5441420111816001C4B49 /* goal-post.app */,
			);
			name = Products;
			sourceTree = "<group>";
		};
		2BA5441620111816001C4B49 /* goal-post */ = {
			isa = PBXGroup;
			children = (
				2BA5442F201118A1001C4B49 /* Extensions */,
				2BA5442E20111897001C4B49 /* Enums */,
				2BA5442D20111881001C4B49 /* View */,
				2BA5442C20111857001C4B49 /* Controller */,
				2BA5441720111816001C4B49 /* AppDelegate.swift */,
				2BA5441B20111816001C4B49 /* Main.storyboard */,
				2BA5442120111816001C4B49 /* Assets.xcassets */,
				2BA5442320111816001C4B49 /* LaunchScreen.storyboard */,
				2BA5442620111816001C4B49 /* Info.plist */,
				2BA5441E20111816001C4B49 /* goal_post.xcdatamodeld */,
			);
			path = "goal-post";
			sourceTree = "<group>";
		};
		2BA5442C20111857001C4B49 /* Controller */ = {
			isa = PBXGroup;
			children = (
				2BA5441920111816001C4B49 /* GoalsVC.swift */,
				2BA5443420127347001C4B49 /* CreateGoalVC.swift */,
				2BE0D0C2201387880031EB08 /* FinishGoalVC.swift */,
			);
			path = Controller;
			sourceTree = "<group>";
		};
		2BA5442D20111881001C4B49 /* View */ = {
			isa = PBXGroup;
			children = (
				2BA54430201138C0001C4B49 /* GoalCell.swift */,
			);
			path = View;
			sourceTree = "<group>";
		};
		2BA5442E20111897001C4B49 /* Enums */ = {
			isa = PBXGroup;
			children = (
				2BA5443220127175001C4B49 /* GoalType.swift */,
			);
			path = Enums;
			sourceTree = "<group>";
		};
		2BA5442F201118A1001C4B49 /* Extensions */ = {
			isa = PBXGroup;
			children = (
				2BA5443620128D45001C4B49 /* UIViewControllerExt.swift */,
				2BA5443820129227001C4B49 /* UIViewExt.swift */,
				2BA5443A20132396001C4B49 /* UIButtonExt.swift */,
			);
			path = Extensions;
			sourceTree = "<group>";
		};
/* End PBXGroup section */

/* Begin PBXNativeTarget section */
		2BA5441320111816001C4B49 /* goal-post */ = {
			isa = PBXNativeTarget;
			buildConfigurationList = 2BA5442920111816001C4B49 /* Build configuration list for PBXNativeTarget "goal-post" */;
			buildPhases = (
				2BA5441020111816001C4B49 /* Sources */,
				2BA5441120111816001C4B49 /* Frameworks */,
				2BA5441220111816001C4B49 /* Resources */,
			);
			buildRules = (
			);
			dependencies = (
			);
			name = "goal-post";
			productName = "goal-post";
			productReference = 2BA5441420111816001C4B49 /* goal-post.app */;
			productType = "com.apple.product-type.application";
		};
/* End PBXNativeTarget section */

/* Begin PBXProject section */
		2BA5440C20111816001C4B49 /* Project object */ = {
			isa = PBXProject;
			attributes = {
				LastSwiftUpdateCheck = 0920;
				LastUpgradeCheck = 0920;
				ORGANIZATIONNAME = "Kunal Tyagi";
				TargetAttributes = {
					2BA5441320111816001C4B49 = {
						CreatedOnToolsVersion = 9.2;
						ProvisioningStyle = Automatic;
					};
				};
			};
			buildConfigurationList = 2BA5440F20111816001C4B49 /* Build configuration list for PBXProject "goal-post" */;
			compatibilityVersion = "Xcode 8.0";
			developmentRegion = en;
			hasScannedForEncodings = 0;
			knownRegions = (
				en,
				Base,
			);
			mainGroup = 2BA5440B20111816001C4B49;
			productRefGroup = 2BA5441520111816001C4B49 /* Products */;
			projectDirPath = "";
			projectRoot = "";
			targets = (
				2BA5441320111816001C4B49 /* goal-post */,
			);
		};
/* End PBXProject section */

/* Begin PBXResourcesBuildPhase section */
		2BA5441220111816001C4B49 /* Resources */ = {
			isa = PBXResourcesBuildPhase;
			buildActionMask = 2147483647;
			files = (
				2BA5442520111816001C4B49 /* LaunchScreen.storyboard in Resources */,
				2BA5442220111816001C4B49 /* Assets.xcassets in Resources */,
				2BA5441D20111816001C4B49 /* Main.storyboard in Resources */,
			);
			runOnlyForDeploymentPostprocessing = 0;
		};
/* End PBXResourcesBuildPhase section */

/* Begin PBXSourcesBuildPhase section */
		2BA5441020111816001C4B49 /* Sources */ = {
			isa = PBXSourcesBuildPhase;
			buildActionMask = 2147483647;
			files = (
				2BA54431201138C0001C4B49 /* GoalCell.swift in Sources */,
				2BA5443520127347001C4B49 /* CreateGoalVC.swift in Sources */,
				2BA5443320127175001C4B49 /* GoalType.swift in Sources */,
				2BA5441A20111816001C4B49 /* GoalsVC.swift in Sources */,
				2BA5443920129227001C4B49 /* UIViewExt.swift in Sources */,
				2BA5441820111816001C4B49 /* AppDelegate.swift in Sources */,
				2BA5443720128D45001C4B49 /* UIViewControllerExt.swift in Sources */,
				2BA5443B20132396001C4B49 /* UIButtonExt.swift in Sources */,
				2BE0D0C3201387880031EB08 /* FinishGoalVC.swift in Sources */,
				2BA5442020111816001C4B49 /* goal_post.xcdatamodeld in Sources */,
			);
			runOnlyForDeploymentPostprocessing = 0;
		};
/* End PBXSourcesBuildPhase section */

/* Begin PBXVariantGroup section */
		2BA5441B20111816001C4B49 /* Main.storyboard */ = {
			isa = PBXVariantGroup;
			children = (
				2BA5441C20111816001C4B49 /* Base */,
			);
			name = Main.storyboard;
			sourceTree = "<group>";
		};
		2BA5442320111816001C4B49 /* LaunchScreen.storyboard */ = {
			isa = PBXVariantGroup;
			children = (
				2BA5442420111816001C4B49 /* Base */,
			);
			name = LaunchScreen.storyboard;
			sourceTree = "<group>";
		};
/* End PBXVariantGroup section */

/* Begin XCBuildConfiguration section */
		2BA5442720111816001C4B49 /* Debug */ = {
			isa = XCBuildConfiguration;
			buildSettings = {
				ALWAYS_SEARCH_USER_PATHS = NO;
				CLANG_ANALYZER_NONNULL = YES;
				CLANG_ANALYZER_NUMBER_OBJECT_CONVERSION = YES_AGGRESSIVE;
				CLANG_CXX_LANGUAGE_STANDARD = "gnu++14";
				CLANG_CXX_LIBRARY = "libc++";
				CLANG_ENABLE_MODULES = YES;
				CLANG_ENABLE_OBJC_ARC = YES;
				CLANG_WARN_BLOCK_CAPTURE_AUTORELEASING = YES;
				CLANG_WARN_BOOL_CONVERSION = YES;
				CLANG_WARN_COMMA = YES;
				CLANG_WARN_CONSTANT_CONVERSION = YES;
				CLANG_WARN_DIRECT_OBJC_ISA_USAGE = YES_ERROR;
				CLANG_WARN_DOCUMENTATION_COMMENTS = YES;
				CLANG_WARN_EMPTY_BODY = YES;
				CLANG_WARN_ENUM_CONVERSION = YES;
				CLANG_WARN_INFINITE_RECURSION = YES;
				CLANG_WARN_INT_CONVERSION = YES;
				CLANG_WARN_NON_LITERAL_NULL_CONVERSION = YES;
				CLANG_WARN_OBJC_LITERAL_CONVERSION = YES;
				CLANG_WARN_OBJC_ROOT_CLASS = YES_ERROR;
				CLANG_WARN_RANGE_LOOP_ANALYSIS = YES;
				CLANG_WARN_STRICT_PROTOTYPES = YES;
				CLANG_WARN_SUSPICIOUS_MOVE = YES;
				CLANG_WARN_UNGUARDED_AVAILABILITY = YES_AGGRESSIVE;
				CLANG_WARN_UNREACHABLE_CODE = YES;
				CLANG_WARN__DUPLICATE_METHOD_MATCH = YES;
				CODE_SIGN_IDENTITY = "iPhone Developer";
				COPY_PHASE_STRIP = NO;
				DEBUG_INFORMATION_FORMAT = dwarf;
				ENABLE_STRICT_OBJC_MSGSEND = YES;
				ENABLE_TESTABILITY = YES;
				GCC_C_LANGUAGE_STANDARD = gnu11;
				GCC_DYNAMIC_NO_PIC = NO;
				GCC_NO_COMMON_BLOCKS = YES;
				GCC_OPTIMIZATION_LEVEL = 0;
				GCC_PREPROCESSOR_DEFINITIONS = (
					"DEBUG=1",
					"$(inherited)",
				);
				GCC_WARN_64_TO_32_BIT_CONVERSION = YES;
				GCC_WARN_ABOUT_RETURN_TYPE = YES_ERROR;
				GCC_WARN_UNDECLARED_SELECTOR = YES;
				GCC_WARN_UNINITIALIZED_AUTOS = YES_AGGRESSIVE;
				GCC_WARN_UNUSED_FUNCTION = YES;
				GCC_WARN_UNUSED_VARIABLE = YES;
				IPHONEOS_DEPLOYMENT_TARGET = 11.2;
				MTL_ENABLE_DEBUG_INFO = YES;
				ONLY_ACTIVE_ARCH = YES;
				SDKROOT = iphoneos;
				SWIFT_ACTIVE_COMPILATION_CONDITIONS = DEBUG;
				SWIFT_OPTIMIZATION_LEVEL = "-Onone";
			};
			name = Debug;
		};
		2BA5442820111816001C4B49 /* Release */ = {
			isa = XCBuildConfiguration;
			buildSettings = {
				ALWAYS_SEARCH_USER_PATHS = NO;
				CLANG_ANALYZER_NONNULL = YES;
				CLANG_ANALYZER_NUMBER_OBJECT_CONVERSION = YES_AGGRESSIVE;
				CLANG_CXX_LANGUAGE_STANDARD = "gnu++14";
				CLANG_CXX_LIBRARY = "libc++";
				CLANG_ENABLE_MODULES = YES;
				CLANG_ENABLE_OBJC_ARC = YES;
				CLANG_WARN_BLOCK_CAPTURE_AUTORELEASING = YES;
				CLANG_WARN_BOOL_CONVERSION = YES;
				CLANG_WARN_COMMA = YES;
				CLANG_WARN_CONSTANT_CONVERSION = YES;
				CLANG_WARN_DIRECT_OBJC_ISA_USAGE = YES_ERROR;
				CLANG_WARN_DOCUMENTATION_COMMENTS = YES;
				CLANG_WARN_EMPTY_BODY = YES;
				CLANG_WARN_ENUM_CONVERSION = YES;
				CLANG_WARN_INFINITE_RECURSION = YES;
				CLANG_WARN_INT_CONVERSION = YES;
				CLANG_WARN_NON_LITERAL_NULL_CONVERSION = YES;
				CLANG_WARN_OBJC_LITERAL_CONVERSION = YES;
				CLANG_WARN_OBJC_ROOT_CLASS = YES_ERROR;
				CLANG_WARN_RANGE_LOOP_ANALYSIS = YES;
				CLANG_WARN_STRICT_PROTOTYPES = YES;
				CLANG_WARN_SUSPICIOUS_MOVE = YES;
				CLANG_WARN_UNGUARDED_AVAILABILITY = YES_AGGRESSIVE;
				CLANG_WARN_UNREACHABLE_CODE = YES;
				CLANG_WARN__DUPLICATE_METHOD_MATCH = YES;
				CODE_SIGN_IDENTITY = "iPhone Developer";
				COPY_PHASE_STRIP = NO;
				DEBUG_INFORMATION_FORMAT = "dwarf-with-dsym";
				ENABLE_NS_ASSERTIONS = NO;
				ENABLE_STRICT_OBJC_MSGSEND = YES;
				GCC_C_LANGUAGE_STANDARD = gnu11;
				GCC_NO_COMMON_BLOCKS = YES;
				GCC_WARN_64_TO_32_BIT_CONVERSION = YES;
				GCC_WARN_ABOUT_RETURN_TYPE = YES_ERROR;
				GCC_WARN_UNDECLARED_SELECTOR = YES;
				GCC_WARN_UNINITIALIZED_AUTOS = YES_AGGRESSIVE;
				GCC_WARN_UNUSED_FUNCTION = YES;
				GCC_WARN_UNUSED_VARIABLE = YES;
				IPHONEOS_DEPLOYMENT_TARGET = 11.2;
				MTL_ENABLE_DEBUG_INFO = NO;
				SDKROOT = iphoneos;
				SWIFT_OPTIMIZATION_LEVEL = "-Owholemodule";
				VALIDATE_PRODUCT = YES;
			};
			name = Release;
		};
		2BA5442A20111816001C4B49 /* Debug */ = {
			isa = XCBuildConfiguration;
			buildSettings = {
				ASSETCATALOG_COMPILER_APPICON_NAME = AppIcon;
				CODE_SIGN_STYLE = Automatic;
				INFOPLIST_FILE = "goal-post/Info.plist";
				LD_RUNPATH_SEARCH_PATHS = "$(inherited) @executable_path/Frameworks";
				PRODUCT_BUNDLE_IDENTIFIER = "com.kunaltyagi.goal-post";
				PRODUCT_NAME = "$(TARGET_NAME)";
				SWIFT_VERSION = 4.0;
				TARGETED_DEVICE_FAMILY = "1,2";
			};
			name = Debug;
		};
		2BA5442B20111816001C4B49 /* Release */ = {
			isa = XCBuildConfiguration;
			buildSettings = {
				ASSETCATALOG_COMPILER_APPICON_NAME = AppIcon;
				CODE_SIGN_STYLE = Automatic;
				INFOPLIST_FILE = "goal-post/Info.plist";
				LD_RUNPATH_SEARCH_PATHS = "$(inherited) @executable_path/Frameworks";
				PRODUCT_BUNDLE_IDENTIFIER = "com.kunaltyagi.goal-post";
				PRODUCT_NAME = "$(TARGET_NAME)";
				SWIFT_VERSION = 4.0;
				TARGETED_DEVICE_FAMILY = "1,2";
			};
			name = Release;
		};
/* End XCBuildConfiguration section */

/* Begin XCConfigurationList section */
		2BA5440F20111816001C4B49 /* Build configuration list for PBXProject "goal-post" */ = {
			isa = XCConfigurationList;
			buildConfigurations = (
				2BA5442720111816001C4B49 /* Debug */,
				2BA5442820111816001C4B49 /* Release */,
			);
			defaultConfigurationIsVisible = 0;
			defaultConfigurationName = Release;
		};
		2BA5442920111816001C4B49 /* Build configuration list for PBXNativeTarget "goal-post" */ = {
			isa = XCConfigurationList;
			buildConfigurations = (
				2BA5442A20111816001C4B49 /* Debug */,
				2BA5442B20111816001C4B49 /* Release */,
			);
			defaultConfigurationIsVisible = 0;
			defaultConfigurationName = Release;
		};
/* End XCConfigurationList section */

/* Begin XCVersionGroup section */
		2BA5441E20111816001C4B49 /* goal_post.xcdatamodeld */ = {
			isa = XCVersionGroup;
			children = (
				2BA5441F20111816001C4B49 /* goal_post.xcdatamodel */,
			);
			currentVersion = 2BA5441F20111816001C4B49 /* goal_post.xcdatamodel */;
			path = goal_post.xcdatamodeld;
			sourceTree = "<group>";
			versionGroupType = wrapper.xcdatamodel;
		};
/* End XCVersionGroup section */
	};
	rootObject = 2BA5440C20111816001C4B49 /* Project object */;
}
